
Microsoft Visual Studio Solution File, Format Version 12.00
# Visual Studio Version 16
VisualStudioVersion = 16.0.29806.167
MinimumVisualStudioVersion = 10.0.40219.1
Project("{9A19103F-16F7-4668-BE54-9A1E7A4F7556}") = "Boekje.Domain", "Boekje.Domain\Boekje.Domain.csproj", "{F44AAA2C-F01B-43C8-ADCC-EE7C3B523DC3}"
EndProject
Project("{9A19103F-16F7-4668-BE54-9A1E7A4F7556}") = "Boekje.Common", "Boekje.Domain.Common\Boekje.Common.csproj", "{C2B7A558-1292-4B0B-B559-41CD33B01024}"
EndProject
Project("{FAE04EC0-301F-11D3-BF4B-00C04F79EFBC}") = "Boekje.Domain.Tests", "Boekje.Domain.Tests\Boekje.Domain.Tests.csproj", "{53F6DBB4-19DF-42F7-8F01-412E25DC714B}"
EndProject
Global
	GlobalSection(SolutionConfigurationPlatforms) = preSolution
		Debug|Any CPU = Debug|Any CPU
		Release|Any CPU = Release|Any CPU
	EndGlobalSection
	GlobalSection(ProjectConfigurationPlatforms) = postSolution
		{F44AAA2C-F01B-43C8-ADCC-EE7C3B523DC3}.Debug|Any CPU.ActiveCfg = Debug|Any CPU
		{F44AAA2C-F01B-43C8-ADCC-EE7C3B523DC3}.Debug|Any CPU.Build.0 = Debug|Any CPU
		{F44AAA2C-F01B-43C8-ADCC-EE7C3B523DC3}.Release|Any CPU.ActiveCfg = Release|Any CPU
		{F44AAA2C-F01B-43C8-ADCC-EE7C3B523DC3}.Release|Any CPU.Build.0 = Release|Any CPU
		{C2B7A558-1292-4B0B-B559-41CD33B01024}.Debug|Any CPU.ActiveCfg = Debug|Any CPU
		{C2B7A558-1292-4B0B-B559-41CD33B01024}.Debug|Any CPU.Build.0 = Debug|Any CPU
		{C2B7A558-1292-4B0B-B559-41CD33B01024}.Release|Any CPU.ActiveCfg = Release|Any CPU
		{C2B7A558-1292-4B0B-B559-41CD33B01024}.Release|Any CPU.Build.0 = Release|Any CPU
		{53F6DBB4-19DF-42F7-8F01-412E25DC714B}.Debug|Any CPU.ActiveCfg = Debug|Any CPU
		{53F6DBB4-19DF-42F7-8F01-412E25DC714B}.Debug|Any CPU.Build.0 = Debug|Any CPU
		{53F6DBB4-19DF-42F7-8F01-412E25DC714B}.Release|Any CPU.ActiveCfg = Release|Any CPU
		{53F6DBB4-19DF-42F7-8F01-412E25DC714B}.Release|Any CPU.Build.0 = Release|Any CPU
	EndGlobalSection
	GlobalSection(SolutionProperties) = preSolution
		HideSolutionNode = FALSE
	EndGlobalSection
	GlobalSection(ExtensibilityGlobals) = postSolution
		SolutionGuid = {535E0B6B-A930-4317-BAEC-A725BEA58280}
	EndGlobalSection
EndGlobal
